{
  "requires": true,
  "lockfileVersion": 1,
  "dependencies": {
    "vant-weapp": {
      "version": "0.3.2",
      "resolved": "https://registry.npmjs.org/vant-weapp/-/vant-weapp-0.3.2.tgz",
      "integrity": "sha512-60tuZpwThz6eJsy3W113MNk4JB30dZfWUsEj3Ix8OJ6HZKbwcR1MwEgekB5OW3+FRxWDjDy+afwEkpmoINuJ4Q=="
    }
  }
}
